
Microsoft Visual Studio Solution File, Format Version 12.00
# Visual Studio Version 16
VisualStudioVersion = 16.0.31515.178
MinimumVisualStudioVersion = 10.0.40219.1
Project("{FAE04EC0-301F-11D3-BF4B-00C04F79EFBC}") = "Stopwatch", "Stopwatch\Stopwatch.csproj", "{AA5C510E-2F1A-4927-A496-F359AA6FBD0C}"
EndProject
Global
	GlobalSection(SolutionConfigurationPlatforms) = preSolution
		Debug|Any CPU = Debug|Any CPU
		Release|Any CPU = Release|Any CPU
	EndGlobalSection
	GlobalSection(ProjectConfigurationPlatforms) = postSolution
		{AA5C510E-2F1A-4927-A496-F359AA6FBD0C}.Debug|Any CPU.ActiveCfg = Debug|Any CPU
		{AA5C510E-2F1A-4927-A496-F359AA6FBD0C}.Debug|Any CPU.Build.0 = Debug|Any CPU
		{AA5C510E-2F1A-4927-A496-F359AA6FBD0C}.Release|Any CPU.ActiveCfg = Release|Any CPU
		{AA5C510E-2F1A-4927-A496-F359AA6FBD0C}.Release|Any CPU.Build.0 = Release|Any CPU
	EndGlobalSection
	GlobalSection(SolutionProperties) = preSolution
		HideSolutionNode = FALSE
	EndGlobalSection
	GlobalSection(ExtensibilityGlobals) = postSolution
		SolutionGuid = {41972EEB-3F6B-4C0F-99E7-8281FE6BA2D9}
	EndGlobalSection
EndGlobal
